# This file is automatically @generated by Cargo.
# It is not intended for manual editing.
version = 4

[[package]]
name = "sc-lint-attributes"
version = "0.1.0"
dependencies = [
 "sc-lint-directives",
]

[[package]]
name = "sc-lint-boundary"
version = "0.1.0"
dependencies = [
 "sc-lint-directives",
]

[[package]]
name = "sc-lint-directives"
version = "0.1.0"
